// !$*UTF8*$!
{
	archiveVersion = 1;
	classes = {
	};
	objectVersion = 56;
	objects = {

/* Begin PBXBuildFile section */
		A00A28412DF30CCC00D5B7E3 /* night-forest-soundscape-158701.mp3 in Resources */ = {isa = PBXBuildFile; fileRef = A00A28402DF30CCC00D5B7E3 /* night-forest-soundscape-158701.mp3 */; };
		A00A28432DF30CDE00D5B7E3 /* rain-and-thunder-sfx-12820.mp3 in Resources */ = {isa = PBXBuildFile; fileRef = A00A28422DF30CDE00D5B7E3 /* rain-and-thunder-sfx-12820.mp3 */; };
		A00A28452DF30CED00D5B7E3 /* soft-piano-72454.mp3 in Resources */ = {isa = PBXBuildFile; fileRef = A00A28442DF30CED00D5B7E3 /* soft-piano-72454.mp3 */; };
		A00A28472DF30CFC00D5B7E3 /* tibetan-bowl-26240.mp3 in Resources */ = {isa = PBXBuildFile; fileRef = A00A28462DF30CFC00D5B7E3 /* tibetan-bowl-26240.mp3 */; };
		A00A28492DF317B100D5B7E3 /* wish.mp3 in Resources */ = {isa = PBXBuildFile; fileRef = A00A28482DF317B100D5B7E3 /* wish.mp3 */; };
		A00A284B2DF3201E00D5B7E3 /* NotificationManager.swift in Sources */ = {isa = PBXBuildFile; fileRef = A00A284A2DF3201E00D5B7E3 /* NotificationManager.swift */; };
		A00A284D2DF3209100D5B7E3 /* ReminderSettingsView.swift in Sources */ = {isa = PBXBuildFile; fileRef = A00A284C2DF3209100D5B7E3 /* ReminderSettingsView.swift */; };
		A00A9B142DE3DBEB0051AD23 /* InfoSheetView.swift in Sources */ = {isa = PBXBuildFile; fileRef = A00A9B132DE3DBEB0051AD23 /* InfoSheetView.swift */; };
		A00A9B162DE3DDCF0051AD23 /* StarfieldBackground.swift in Sources */ = {isa = PBXBuildFile; fileRef = A00A9B152DE3DDCF0051AD23 /* StarfieldBackground.swift */; };
		A00A9B182DE3DE220051AD23 /* DreamTheatherView.swift in Sources */ = {isa = PBXBuildFile; fileRef = A00A9B172DE3DE220051AD23 /* DreamTheatherView.swift */; };
		A01743CF2DE27788009322DD /* DreamJournalView.swift in Sources */ = {isa = PBXBuildFile; fileRef = A01743CE2DE27788009322DD /* DreamJournalView.swift */; };
		A01743D12DE27B54009322DD /* WishModel.swift in Sources */ = {isa = PBXBuildFile; fileRef = A01743D02DE27B54009322DD /* WishModel.swift */; };
		A09706842DD3D26E00A8D5AC /* DreamShiftApp.swift in Sources */ = {isa = PBXBuildFile; fileRef = A09706832DD3D26E00A8D5AC /* DreamShiftApp.swift */; };
		A09706862DD3D26E00A8D5AC /* ContentView.swift in Sources */ = {isa = PBXBuildFile; fileRef = A09706852DD3D26E00A8D5AC /* ContentView.swift */; };
		A09706882DD3D27000A8D5AC /* Assets.xcassets in Resources */ = {isa = PBXBuildFile; fileRef = A09706872DD3D27000A8D5AC /* Assets.xcassets */; };
		A097068B2DD3D27000A8D5AC /* Preview Assets.xcassets in Resources */ = {isa = PBXBuildFile; fileRef = A097068A2DD3D27000A8D5AC /* Preview Assets.xcassets */; };
		A09706922DD3F5F500A8D5AC /* OnboardingScreen.swift in Sources */ = {isa = PBXBuildFile; fileRef = A09706912DD3F5F500A8D5AC /* OnboardingScreen.swift */; };
		A09706942DD3F63500A8D5AC /* OnboardingViewModel.swift in Sources */ = {isa = PBXBuildFile; fileRef = A09706932DD3F63500A8D5AC /* OnboardingViewModel.swift */; };
		A09706972DD3F90200A8D5AC /* DreamShiftThemeColors.swift in Sources */ = {isa = PBXBuildFile; fileRef = A09706962DD3F90200A8D5AC /* DreamShiftThemeColors.swift */; };
		A09706992DD3F99500A8D5AC /* DreamView.swift in Sources */ = {isa = PBXBuildFile; fileRef = A09706982DD3F99500A8D5AC /* DreamView.swift */; };
		A0C36ACD2DD94ACA00CC7415 /* SprinklingStarsView.swift in Sources */ = {isa = PBXBuildFile; fileRef = A0C36ACC2DD94ACA00CC7415 /* SprinklingStarsView.swift */; };
		A0C36ACF2DD94B2F00CC7415 /* GlassmorphicOverlay.swift in Sources */ = {isa = PBXBuildFile; fileRef = A0C36ACE2DD94B2F00CC7415 /* GlassmorphicOverlay.swift */; };
		A0C36AD32DD9536700CC7415 /* ShootingStarView.swift in Sources */ = {isa = PBXBuildFile; fileRef = A0C36AD22DD9536700CC7415 /* ShootingStarView.swift */; };
/* End PBXBuildFile section */

/* Begin PBXFileReference section */
		A00A28402DF30CCC00D5B7E3 /* night-forest-soundscape-158701.mp3 */ = {isa = PBXFileReference; lastKnownFileType = audio.mp3; path = "night-forest-soundscape-158701.mp3"; sourceTree = "<group>"; };
		A00A28422DF30CDE00D5B7E3 /* rain-and-thunder-sfx-12820.mp3 */ = {isa = PBXFileReference; lastKnownFileType = audio.mp3; path = "rain-and-thunder-sfx-12820.mp3"; sourceTree = "<group>"; };
		A00A28442DF30CED00D5B7E3 /* soft-piano-72454.mp3 */ = {isa = PBXFileReference; lastKnownFileType = audio.mp3; path = "soft-piano-72454.mp3"; sourceTree = "<group>"; };
		A00A28462DF30CFC00D5B7E3 /* tibetan-bowl-26240.mp3 */ = {isa = PBXFileReference; lastKnownFileType = audio.mp3; path = "tibetan-bowl-26240.mp3"; sourceTree = "<group>"; };
		A00A28482DF317B100D5B7E3 /* wish.mp3 */ = {isa = PBXFileReference; lastKnownFileType = audio.mp3; path = wish.mp3; sourceTree = "<group>"; };
		A00A284A2DF3201E00D5B7E3 /* NotificationManager.swift */ = {isa = PBXFileReference; lastKnownFileType = sourcecode.swift; path = NotificationManager.swift; sourceTree = "<group>"; };
		A00A284C2DF3209100D5B7E3 /* ReminderSettingsView.swift */ = {isa = PBXFileReference; lastKnownFileType = sourcecode.swift; path = ReminderSettingsView.swift; sourceTree = "<group>"; };
		A00A9B132DE3DBEB0051AD23 /* InfoSheetView.swift */ = {isa = PBXFileReference; lastKnownFileType = sourcecode.swift; path = InfoSheetView.swift; sourceTree = "<group>"; };
		A00A9B152DE3DDCF0051AD23 /* StarfieldBackground.swift */ = {isa = PBXFileReference; lastKnownFileType = sourcecode.swift; path = StarfieldBackground.swift; sourceTree = "<group>"; };
		A00A9B172DE3DE220051AD23 /* DreamTheatherView.swift */ = {isa = PBXFileReference; lastKnownFileType = sourcecode.swift; path = DreamTheatherView.swift; sourceTree = "<group>"; };
		A01743CE2DE27788009322DD /* DreamJournalView.swift */ = {isa = PBXFileReference; lastKnownFileType = sourcecode.swift; path = DreamJournalView.swift; sourceTree = "<group>"; };
		A01743D02DE27B54009322DD /* WishModel.swift */ = {isa = PBXFileReference; lastKnownFileType = sourcecode.swift; path = WishModel.swift; sourceTree = "<group>"; };
		A09706802DD3D26E00A8D5AC /* DreamShift.app */ = {isa = PBXFileReference; explicitFileType = wrapper.application; includeInIndex = 0; path = DreamShift.app; sourceTree = BUILT_PRODUCTS_DIR; };
		A09706832DD3D26E00A8D5AC /* DreamShiftApp.swift */ = {isa = PBXFileReference; lastKnownFileType = sourcecode.swift; path = DreamShiftApp.swift; sourceTree = "<group>"; };
		A09706852DD3D26E00A8D5AC /* ContentView.swift */ = {isa = PBXFileReference; lastKnownFileType = sourcecode.swift; path = ContentView.swift; sourceTree = "<group>"; };
		A09706872DD3D27000A8D5AC /* Assets.xcassets */ = {isa = PBXFileReference; lastKnownFileType = folder.assetcatalog; path = Assets.xcassets; sourceTree = "<group>"; };
		A097068A2DD3D27000A8D5AC /* Preview Assets.xcassets */ = {isa = PBXFileReference; lastKnownFileType = folder.assetcatalog; path = "Preview Assets.xcassets"; sourceTree = "<group>"; };
		A09706912DD3F5F500A8D5AC /* OnboardingScreen.swift */ = {isa = PBXFileReference; lastKnownFileType = sourcecode.swift; path = OnboardingScreen.swift; sourceTree = "<group>"; };
		A09706932DD3F63500A8D5AC /* OnboardingViewModel.swift */ = {isa = PBXFileReference; lastKnownFileType = sourcecode.swift; path = OnboardingViewModel.swift; sourceTree = "<group>"; };
		A09706962DD3F90200A8D5AC /* DreamShiftThemeColors.swift */ = {isa = PBXFileReference; lastKnownFileType = sourcecode.swift; path = DreamShiftThemeColors.swift; sourceTree = "<group>"; };
		A09706982DD3F99500A8D5AC /* DreamView.swift */ = {isa = PBXFileReference; lastKnownFileType = sourcecode.swift; path = DreamView.swift; sourceTree = "<group>"; };
		A0C36ACC2DD94ACA00CC7415 /* SprinklingStarsView.swift */ = {isa = PBXFileReference; lastKnownFileType = sourcecode.swift; path = SprinklingStarsView.swift; sourceTree = "<group>"; };
		A0C36ACE2DD94B2F00CC7415 /* GlassmorphicOverlay.swift */ = {isa = PBXFileReference; lastKnownFileType = sourcecode.swift; path = GlassmorphicOverlay.swift; sourceTree = "<group>"; };
		A0C36AD22DD9536700CC7415 /* ShootingStarView.swift */ = {isa = PBXFileReference; lastKnownFileType = sourcecode.swift; path = ShootingStarView.swift; sourceTree = "<group>"; };
/* End PBXFileReference section */

/* Begin PBXFrameworksBuildPhase section */
		A097067D2DD3D26E00A8D5AC /* Frameworks */ = {
			isa = PBXFrameworksBuildPhase;
			buildActionMask = 2147483647;
			files = (
			);
			runOnlyForDeploymentPostprocessing = 0;
		};
/* End PBXFrameworksBuildPhase section */

/* Begin PBXGroup section */
		A00A283F2DF30C8E00D5B7E3 /* SoundEffects */ = {
			isa = PBXGroup;
			children = (
				A00A28402DF30CCC00D5B7E3 /* night-forest-soundscape-158701.mp3 */,
				A00A28442DF30CED00D5B7E3 /* soft-piano-72454.mp3 */,
				A00A28462DF30CFC00D5B7E3 /* tibetan-bowl-26240.mp3 */,
				A00A28422DF30CDE00D5B7E3 /* rain-and-thunder-sfx-12820.mp3 */,
				A00A28482DF317B100D5B7E3 /* wish.mp3 */,
			);
			path = SoundEffects;
			sourceTree = "<group>";
		};
		A09706772DD3D26E00A8D5AC = {
			isa = PBXGroup;
			children = (
				A09706822DD3D26E00A8D5AC /* DreamShift */,
				A09706812DD3D26E00A8D5AC /* Products */,
			);
			sourceTree = "<group>";
		};
		A09706812DD3D26E00A8D5AC /* Products */ = {
			isa = PBXGroup;
			children = (
				A09706802DD3D26E00A8D5AC /* DreamShift.app */,
			);
			name = Products;
			sourceTree = "<group>";
		};
		A09706822DD3D26E00A8D5AC /* DreamShift */ = {
			isa = PBXGroup;
			children = (
				A00A283F2DF30C8E00D5B7E3 /* SoundEffects */,
				A0C36ACB2DD94AAC00CC7415 /* BackgroundView */,
				A09706832DD3D26E00A8D5AC /* DreamShiftApp.swift */,
				A09706852DD3D26E00A8D5AC /* ContentView.swift */,
				A09706872DD3D27000A8D5AC /* Assets.xcassets */,
				A09706952DD3F8DA00A8D5AC /* Extensions */,
				A09706892DD3D27000A8D5AC /* Preview Content */,
				A09706912DD3F5F500A8D5AC /* OnboardingScreen.swift */,
				A09706932DD3F63500A8D5AC /* OnboardingViewModel.swift */,
				A09706982DD3F99500A8D5AC /* DreamView.swift */,
				A00A9B132DE3DBEB0051AD23 /* InfoSheetView.swift */,
				A01743CE2DE27788009322DD /* DreamJournalView.swift */,
				A01743D02DE27B54009322DD /* WishModel.swift */,
				A00A9B152DE3DDCF0051AD23 /* StarfieldBackground.swift */,
				A00A9B172DE3DE220051AD23 /* DreamTheatherView.swift */,
				A00A284A2DF3201E00D5B7E3 /* NotificationManager.swift */,
				A00A284C2DF3209100D5B7E3 /* ReminderSettingsView.swift */,
			);
			path = DreamShift;
			sourceTree = "<group>";
		};
		A09706892DD3D27000A8D5AC /* Preview Content */ = {
			isa = PBXGroup;
			children = (
				A097068A2DD3D27000A8D5AC /* Preview Assets.xcassets */,
			);
			path = "Preview Content";
			sourceTree = "<group>";
		};
		A09706952DD3F8DA00A8D5AC /* Extensions */ = {
			isa = PBXGroup;
			children = (
				A09706962DD3F90200A8D5AC /* DreamShiftThemeColors.swift */,
			);
			path = Extensions;
			sourceTree = "<group>";
		};
		A0C36ACB2DD94AAC00CC7415 /* BackgroundView */ = {
			isa = PBXGroup;
			children = (
				A0C36ACC2DD94ACA00CC7415 /* SprinklingStarsView.swift */,
				A0C36ACE2DD94B2F00CC7415 /* GlassmorphicOverlay.swift */,
				A0C36AD22DD9536700CC7415 /* ShootingStarView.swift */,
			);
			path = BackgroundView;
			sourceTree = "<group>";
		};
/* End PBXGroup section */

/* Begin PBXNativeTarget section */
		A097067F2DD3D26E00A8D5AC /* DreamShift */ = {
			isa = PBXNativeTarget;
			buildConfigurationList = A097068E2DD3D27000A8D5AC /* Build configuration list for PBXNativeTarget "DreamShift" */;
			buildPhases = (
				A097067C2DD3D26E00A8D5AC /* Sources */,
				A097067D2DD3D26E00A8D5AC /* Frameworks */,
				A097067E2DD3D26E00A8D5AC /* Resources */,
			);
			buildRules = (
			);
			dependencies = (
			);
			name = DreamShift;
			productName = NightShift;
			productReference = A09706802DD3D26E00A8D5AC /* DreamShift.app */;
			productType = "com.apple.product-type.application";
		};
/* End PBXNativeTarget section */

/* Begin PBXProject section */
		A09706782DD3D26E00A8D5AC /* Project object */ = {
			isa = PBXProject;
			attributes = {
				BuildIndependentTargetsInParallel = 1;
				LastSwiftUpdateCheck = 1530;
				LastUpgradeCheck = 1530;
				TargetAttributes = {
					A097067F2DD3D26E00A8D5AC = {
						CreatedOnToolsVersion = 15.3;
					};
				};
			};
			buildConfigurationList = A097067B2DD3D26E00A8D5AC /* Build configuration list for PBXProject "DreamShift" */;
			compatibilityVersion = "Xcode 14.0";
			developmentRegion = en;
			hasScannedForEncodings = 0;
			knownRegions = (
				en,
				Base,
			);
			mainGroup = A09706772DD3D26E00A8D5AC;
			productRefGroup = A09706812DD3D26E00A8D5AC /* Products */;
			projectDirPath = "";
			projectRoot = "";
			targets = (
				A097067F2DD3D26E00A8D5AC /* DreamShift */,
			);
		};
/* End PBXProject section */

/* Begin PBXResourcesBuildPhase section */
		A097067E2DD3D26E00A8D5AC /* Resources */ = {
			isa = PBXResourcesBuildPhase;
			buildActionMask = 2147483647;
			files = (
				A00A28412DF30CCC00D5B7E3 /* night-forest-soundscape-158701.mp3 in Resources */,
				A00A28472DF30CFC00D5B7E3 /* tibetan-bowl-26240.mp3 in Resources */,
				A00A28492DF317B100D5B7E3 /* wish.mp3 in Resources */,
				A00A28432DF30CDE00D5B7E3 /* rain-and-thunder-sfx-12820.mp3 in Resources */,
				A097068B2DD3D27000A8D5AC /* Preview Assets.xcassets in Resources */,
				A00A28452DF30CED00D5B7E3 /* soft-piano-72454.mp3 in Resources */,
				A09706882DD3D27000A8D5AC /* Assets.xcassets in Resources */,
			);
			runOnlyForDeploymentPostprocessing = 0;
		};
/* End PBXResourcesBuildPhase section */

/* Begin PBXSourcesBuildPhase section */
		A097067C2DD3D26E00A8D5AC /* Sources */ = {
			isa = PBXSourcesBuildPhase;
			buildActionMask = 2147483647;
			files = (
				A09706862DD3D26E00A8D5AC /* ContentView.swift in Sources */,
				A00A9B182DE3DE220051AD23 /* DreamTheatherView.swift in Sources */,
				A0C36AD32DD9536700CC7415 /* ShootingStarView.swift in Sources */,
				A09706842DD3D26E00A8D5AC /* DreamShiftApp.swift in Sources */,
				A0C36ACF2DD94B2F00CC7415 /* GlassmorphicOverlay.swift in Sources */,
				A01743CF2DE27788009322DD /* DreamJournalView.swift in Sources */,
				A01743D12DE27B54009322DD /* WishModel.swift in Sources */,
				A00A284D2DF3209100D5B7E3 /* ReminderSettingsView.swift in Sources */,
				A09706972DD3F90200A8D5AC /* DreamShiftThemeColors.swift in Sources */,
				A09706922DD3F5F500A8D5AC /* OnboardingScreen.swift in Sources */,
				A0C36ACD2DD94ACA00CC7415 /* SprinklingStarsView.swift in Sources */,
				A00A9B162DE3DDCF0051AD23 /* StarfieldBackground.swift in Sources */,
				A09706992DD3F99500A8D5AC /* DreamView.swift in Sources */,
				A00A284B2DF3201E00D5B7E3 /* NotificationManager.swift in Sources */,
				A00A9B142DE3DBEB0051AD23 /* InfoSheetView.swift in Sources */,
				A09706942DD3F63500A8D5AC /* OnboardingViewModel.swift in Sources */,
			);
			runOnlyForDeploymentPostprocessing = 0;
		};
/* End PBXSourcesBuildPhase section */

/* Begin XCBuildConfiguration section */
		A097068C2DD3D27000A8D5AC /* Debug */ = {
			isa = XCBuildConfiguration;
			buildSettings = {
				ALWAYS_SEARCH_USER_PATHS = NO;
				ASSETCATALOG_COMPILER_GENERATE_SWIFT_ASSET_SYMBOL_EXTENSIONS = YES;
				CLANG_ANALYZER_NONNULL = YES;
				CLANG_ANALYZER_NUMBER_OBJECT_CONVERSION = YES_AGGRESSIVE;
				CLANG_CXX_LANGUAGE_STANDARD = "gnu++20";
				CLANG_ENABLE_MODULES = YES;
				CLANG_ENABLE_OBJC_ARC = YES;
				CLANG_ENABLE_OBJC_WEAK = YES;
				CLANG_WARN_BLOCK_CAPTURE_AUTORELEASING = YES;
				CLANG_WARN_BOOL_CONVERSION = YES;
				CLANG_WARN_COMMA = YES;
				CLANG_WARN_CONSTANT_CONVERSION = YES;
				CLANG_WARN_DEPRECATED_OBJC_IMPLEMENTATIONS = YES;
				CLANG_WARN_DIRECT_OBJC_ISA_USAGE = YES_ERROR;
				CLANG_WARN_DOCUMENTATION_COMMENTS = YES;
				CLANG_WARN_EMPTY_BODY = YES;
				CLANG_WARN_ENUM_CONVERSION = YES;
				CLANG_WARN_INFINITE_RECURSION = YES;
				CLANG_WARN_INT_CONVERSION = YES;
				CLANG_WARN_NON_LITERAL_NULL_CONVERSION = YES;
				CLANG_WARN_OBJC_IMPLICIT_RETAIN_SELF = YES;
				CLANG_WARN_OBJC_LITERAL_CONVERSION = YES;
				CLANG_WARN_OBJC_ROOT_CLASS = YES_ERROR;
				CLANG_WARN_QUOTED_INCLUDE_IN_FRAMEWORK_HEADER = YES;
				CLANG_WARN_RANGE_LOOP_ANALYSIS = YES;
				CLANG_WARN_STRICT_PROTOTYPES = YES;
				CLANG_WARN_SUSPICIOUS_MOVE = YES;
				CLANG_WARN_UNGUARDED_AVAILABILITY = YES_AGGRESSIVE;
				CLANG_WARN_UNREACHABLE_CODE = YES;
				CLANG_WARN__DUPLICATE_METHOD_MATCH = YES;
				COPY_PHASE_STRIP = NO;
				DEBUG_INFORMATION_FORMAT = dwarf;
				ENABLE_STRICT_OBJC_MSGSEND = YES;
				ENABLE_TESTABILITY = YES;
				ENABLE_USER_SCRIPT_SANDBOXING = YES;
				GCC_C_LANGUAGE_STANDARD = gnu17;
				GCC_DYNAMIC_NO_PIC = NO;
				GCC_NO_COMMON_BLOCKS = YES;
				GCC_OPTIMIZATION_LEVEL = 0;
				GCC_PREPROCESSOR_DEFINITIONS = (
					"DEBUG=1",
					"$(inherited)",
				);
				GCC_WARN_64_TO_32_BIT_CONVERSION = YES;
				GCC_WARN_ABOUT_RETURN_TYPE = YES_ERROR;
				GCC_WARN_UNDECLARED_SELECTOR = YES;
				GCC_WARN_UNINITIALIZED_AUTOS = YES_AGGRESSIVE;
				GCC_WARN_UNUSED_FUNCTION = YES;
				GCC_WARN_UNUSED_VARIABLE = YES;
				IPHONEOS_DEPLOYMENT_TARGET = 17.4;
				LOCALIZATION_PREFERS_STRING_CATALOGS = YES;
				MTL_ENABLE_DEBUG_INFO = INCLUDE_SOURCE;
				MTL_FAST_MATH = YES;
				ONLY_ACTIVE_ARCH = YES;
				SDKROOT = iphoneos;
				SWIFT_ACTIVE_COMPILATION_CONDITIONS = "DEBUG $(inherited)";
				SWIFT_OPTIMIZATION_LEVEL = "-Onone";
			};
			name = Debug;
		};
		A097068D2DD3D27000A8D5AC /* Release */ = {
			isa = XCBuildConfiguration;
			buildSettings = {
				ALWAYS_SEARCH_USER_PATHS = NO;
				ASSETCATALOG_COMPILER_GENERATE_SWIFT_ASSET_SYMBOL_EXTENSIONS = YES;
				CLANG_ANALYZER_NONNULL = YES;
				CLANG_ANALYZER_NUMBER_OBJECT_CONVERSION = YES_AGGRESSIVE;
				CLANG_CXX_LANGUAGE_STANDARD = "gnu++20";
				CLANG_ENABLE_MODULES = YES;
				CLANG_ENABLE_OBJC_ARC = YES;
				CLANG_ENABLE_OBJC_WEAK = YES;
				CLANG_WARN_BLOCK_CAPTURE_AUTORELEASING = YES;
				CLANG_WARN_BOOL_CONVERSION = YES;
				CLANG_WARN_COMMA = YES;
				CLANG_WARN_CONSTANT_CONVERSION = YES;
				CLANG_WARN_DEPRECATED_OBJC_IMPLEMENTATIONS = YES;
				CLANG_WARN_DIRECT_OBJC_ISA_USAGE = YES_ERROR;
				CLANG_WARN_DOCUMENTATION_COMMENTS = YES;
				CLANG_WARN_EMPTY_BODY = YES;
				CLANG_WARN_ENUM_CONVERSION = YES;
				CLANG_WARN_INFINITE_RECURSION = YES;
				CLANG_WARN_INT_CONVERSION = YES;
				CLANG_WARN_NON_LITERAL_NULL_CONVERSION = YES;
				CLANG_WARN_OBJC_IMPLICIT_RETAIN_SELF = YES;
				CLANG_WARN_OBJC_LITERAL_CONVERSION = YES;
				CLANG_WARN_OBJC_ROOT_CLASS = YES_ERROR;
				CLANG_WARN_QUOTED_INCLUDE_IN_FRAMEWORK_HEADER = YES;
				CLANG_WARN_RANGE_LOOP_ANALYSIS = YES;
				CLANG_WARN_STRICT_PROTOTYPES = YES;
				CLANG_WARN_SUSPICIOUS_MOVE = YES;
				CLANG_WARN_UNGUARDED_AVAILABILITY = YES_AGGRESSIVE;
				CLANG_WARN_UNREACHABLE_CODE = YES;
				CLANG_WARN__DUPLICATE_METHOD_MATCH = YES;
				COPY_PHASE_STRIP = NO;
				DEBUG_INFORMATION_FORMAT = "dwarf-with-dsym";
				ENABLE_NS_ASSERTIONS = NO;
				ENABLE_STRICT_OBJC_MSGSEND = YES;
				ENABLE_USER_SCRIPT_SANDBOXING = YES;
				GCC_C_LANGUAGE_STANDARD = gnu17;
				GCC_NO_COMMON_BLOCKS = YES;
				GCC_WARN_64_TO_32_BIT_CONVERSION = YES;
				GCC_WARN_ABOUT_RETURN_TYPE = YES_ERROR;
				GCC_WARN_UNDECLARED_SELECTOR = YES;
				GCC_WARN_UNINITIALIZED_AUTOS = YES_AGGRESSIVE;
				GCC_WARN_UNUSED_FUNCTION = YES;
				GCC_WARN_UNUSED_VARIABLE = YES;
				IPHONEOS_DEPLOYMENT_TARGET = 17.4;
				LOCALIZATION_PREFERS_STRING_CATALOGS = YES;
				MTL_ENABLE_DEBUG_INFO = NO;
				MTL_FAST_MATH = YES;
				SDKROOT = iphoneos;
				SWIFT_COMPILATION_MODE = wholemodule;
				VALIDATE_PRODUCT = YES;
			};
			name = Release;
		};
		A097068F2DD3D27000A8D5AC /* Debug */ = {
			isa = XCBuildConfiguration;
			buildSettings = {
				ASSETCATALOG_COMPILER_APPICON_NAME = AppIcon;
				ASSETCATALOG_COMPILER_GLOBAL_ACCENT_COLOR_NAME = AccentColor;
				CODE_SIGN_STYLE = Automatic;
				CURRENT_PROJECT_VERSION = 1;
				DEVELOPMENT_ASSET_PATHS = "\"DreamShift/Preview Content\"";
				DEVELOPMENT_TEAM = 58Q543QXGB;
				ENABLE_PREVIEWS = YES;
				GENERATE_INFOPLIST_FILE = YES;
				INFOPLIST_KEY_UIApplicationSceneManifest_Generation = YES;
				INFOPLIST_KEY_UIApplicationSupportsIndirectInputEvents = YES;
				INFOPLIST_KEY_UILaunchScreen_Generation = YES;
				INFOPLIST_KEY_UISupportedInterfaceOrientations_iPad = "UIInterfaceOrientationPortrait UIInterfaceOrientationPortraitUpsideDown UIInterfaceOrientationLandscapeLeft UIInterfaceOrientationLandscapeRight";
				INFOPLIST_KEY_UISupportedInterfaceOrientations_iPhone = "UIInterfaceOrientationPortrait UIInterfaceOrientationLandscapeLeft UIInterfaceOrientationLandscapeRight";
				LD_RUNPATH_SEARCH_PATHS = (
					"$(inherited)",
					"@executable_path/Frameworks",
				);
				MARKETING_VERSION = 1.0;
				PRODUCT_BUNDLE_IDENTIFIER = "tora.buke-gmail.com.NightShift";
				PRODUCT_NAME = "$(TARGET_NAME)";
				SWIFT_EMIT_LOC_STRINGS = YES;
				SWIFT_VERSION = 5.0;
				TARGETED_DEVICE_FAMILY = "1,2";
			};
			name = Debug;
		};
		A09706902DD3D27000A8D5AC /* Release */ = {
			isa = XCBuildConfiguration;
			buildSettings = {
				ASSETCATALOG_COMPILER_APPICON_NAME = AppIcon;
				ASSETCATALOG_COMPILER_GLOBAL_ACCENT_COLOR_NAME = AccentColor;
				CODE_SIGN_STYLE = Automatic;
				CURRENT_PROJECT_VERSION = 1;
				DEVELOPMENT_ASSET_PATHS = "\"DreamShift/Preview Content\"";
				DEVELOPMENT_TEAM = 58Q543QXGB;
				ENABLE_PREVIEWS = YES;
				GENERATE_INFOPLIST_FILE = YES;
				INFOPLIST_KEY_UIApplicationSceneManifest_Generation = YES;
				INFOPLIST_KEY_UIApplicationSupportsIndirectInputEvents = YES;
				INFOPLIST_KEY_UILaunchScreen_Generation = YES;
				INFOPLIST_KEY_UISupportedInterfaceOrientations_iPad = "UIInterfaceOrientationPortrait UIInterfaceOrientationPortraitUpsideDown UIInterfaceOrientationLandscapeLeft UIInterfaceOrientationLandscapeRight";
				INFOPLIST_KEY_UISupportedInterfaceOrientations_iPhone = "UIInterfaceOrientationPortrait UIInterfaceOrientationLandscapeLeft UIInterfaceOrientationLandscapeRight";
				LD_RUNPATH_SEARCH_PATHS = (
					"$(inherited)",
					"@executable_path/Frameworks",
				);
				MARKETING_VERSION = 1.0;
				PRODUCT_BUNDLE_IDENTIFIER = "tora.buke-gmail.com.NightShift";
				PRODUCT_NAME = "$(TARGET_NAME)";
				SWIFT_EMIT_LOC_STRINGS = YES;
				SWIFT_VERSION = 5.0;
				TARGETED_DEVICE_FAMILY = "1,2";
			};
			name = Release;
		};
/* End XCBuildConfiguration section */

/* Begin XCConfigurationList section */
		A097067B2DD3D26E00A8D5AC /* Build configuration list for PBXProject "DreamShift" */ = {
			isa = XCConfigurationList;
			buildConfigurations = (
				A097068C2DD3D27000A8D5AC /* Debug */,
				A097068D2DD3D27000A8D5AC /* Release */,
			);
			defaultConfigurationIsVisible = 0;
			defaultConfigurationName = Release;
		};
		A097068E2DD3D27000A8D5AC /* Build configuration list for PBXNativeTarget "DreamShift" */ = {
			isa = XCConfigurationList;
			buildConfigurations = (
				A097068F2DD3D27000A8D5AC /* Debug */,
				A09706902DD3D27000A8D5AC /* Release */,
			);
			defaultConfigurationIsVisible = 0;
			defaultConfigurationName = Release;
		};
/* End XCConfigurationList section */
	};
	rootObject = A09706782DD3D26E00A8D5AC /* Project object */;
}
